{
  "name": "uikit-templates",
  "lockfileVersion": 2,
  "requires": true,
  "packages": {
    "": {
      "dependencies": {
        "yarn": "^1.22.4"
      }
    },
    "node_modules/yarn": {
      "version": "1.22.4",
      "resolved": "https://registry.npmjs.org/yarn/-/yarn-1.22.4.tgz",
      "integrity": "sha512-oYM7hi/lIWm9bCoDMEWgffW8aiNZXCWeZ1/tGy0DWrN6vmzjCXIKu2Y21o8DYVBUtiktwKcNoxyGl/2iKLUNGA==",
      "bin": {
        "yarn": "bin/yarn.js",
        "yarnpkg": "bin/yarn.js"
      },
      "engines": {
        "node": ">=4.0.0"
      }
    }
  },
  "dependencies": {
    "yarn": {
      "version": "1.22.4",
      "resolved": "https://registry.npmjs.org/yarn/-/yarn-1.22.4.tgz",
      "integrity": "sha512-oYM7hi/lIWm9bCoDMEWgffW8aiNZXCWeZ1/tGy0DWrN6vmzjCXIKu2Y21o8DYVBUtiktwKcNoxyGl/2iKLUNGA=="
    }
  }
}
